// !$*UTF8*$!
{
	archiveVersion = 1;
	classes = {
	};
	objectVersion = 51;
	objects = {

/* Begin PBXBuildFile section */
		4291E65724713D150091240E /* AppDelegate.swift in Sources */ = {isa = PBXBuildFile; fileRef = 4291E65624713D150091240E /* AppDelegate.swift */; };
		4291E65924713D150091240E /* SceneDelegate.swift in Sources */ = {isa = PBXBuildFile; fileRef = 4291E65824713D150091240E /* SceneDelegate.swift */; };
		4291E65E24713D150091240E /* Main.storyboard in Resources */ = {isa = PBXBuildFile; fileRef = 4291E65C24713D150091240E /* Main.storyboard */; };
		4291E66024713D1A0091240E /* Assets.xcassets in Resources */ = {isa = PBXBuildFile; fileRef = 4291E65F24713D1A0091240E /* Assets.xcassets */; };
		4291E66324713D1A0091240E /* LaunchScreen.storyboard in Resources */ = {isa = PBXBuildFile; fileRef = 4291E66124713D1A0091240E /* LaunchScreen.storyboard */; };
		4291E66E24713D1A0091240E /* IB_QuestionBank_V0Tests.swift in Sources */ = {isa = PBXBuildFile; fileRef = 4291E66D24713D1A0091240E /* IB_QuestionBank_V0Tests.swift */; };
		4291E67924713D1A0091240E /* IB_QuestionBank_V0UITests.swift in Sources */ = {isa = PBXBuildFile; fileRef = 4291E67824713D1A0091240E /* IB_QuestionBank_V0UITests.swift */; };
		4291E687247AA10D0091240E /* GoogleService-Info.plist in Resources */ = {isa = PBXBuildFile; fileRef = 4291E686247AA10D0091240E /* GoogleService-Info.plist */; };
		4291E688247AA10D0091240E /* GoogleService-Info.plist in Resources */ = {isa = PBXBuildFile; fileRef = 4291E686247AA10D0091240E /* GoogleService-Info.plist */; };
		4291E689247AA10D0091240E /* GoogleService-Info.plist in Resources */ = {isa = PBXBuildFile; fileRef = 4291E686247AA10D0091240E /* GoogleService-Info.plist */; };
		429AC4B32486027900C5A86A /* SignInController.swift in Sources */ = {isa = PBXBuildFile; fileRef = 429AC4B22486027900C5A86A /* SignInController.swift */; };
		429AC4BA2486B00800C5A86A /* SignUpController.swift in Sources */ = {isa = PBXBuildFile; fileRef = 429AC4B82486B00800C5A86A /* SignUpController.swift */; };
		429AC4BB2486B00800C5A86A /* SignUpStatusController.swift in Sources */ = {isa = PBXBuildFile; fileRef = 429AC4B92486B00800C5A86A /* SignUpStatusController.swift */; };
		429AC4BD2487B7B500C5A86A /* QuestionController.swift in Sources */ = {isa = PBXBuildFile; fileRef = 429AC4BC2487B7B500C5A86A /* QuestionController.swift */; };
		429AC4C1249083C800C5A86A /* GestureFunctions.swift in Sources */ = {isa = PBXBuildFile; fileRef = 429AC4C0249083C800C5A86A /* GestureFunctions.swift */; };
		42C77CA5247FD80900A39B63 /* DatabasePath.swift in Sources */ = {isa = PBXBuildFile; fileRef = 42C77CA4247FD80900A39B63 /* DatabasePath.swift */; };
		51FBAF8411B1ED5A346863B0 /* Pods_IB_QuestionBank_V0_IB_QuestionBank_V0UITests.framework in Frameworks */ = {isa = PBXBuildFile; fileRef = C58D45AB479C37B12563D2DD /* Pods_IB_QuestionBank_V0_IB_QuestionBank_V0UITests.framework */; };
		568C992B16A6901BB9FAC94D /* Pods_IB_QuestionBank_V0Tests.framework in Frameworks */ = {isa = PBXBuildFile; fileRef = 35D7FACE31D994707C8AE115 /* Pods_IB_QuestionBank_V0Tests.framework */; };
		DF11C35398E9E7B8D6283AD3 /* Pods_IB_QuestionBank_V0.framework in Frameworks */ = {isa = PBXBuildFile; fileRef = FEEF18FDD8294F21D31A29D4 /* Pods_IB_QuestionBank_V0.framework */; };
/* End PBXBuildFile section */

/* Begin PBXContainerItemProxy section */
		4291E66A24713D1A0091240E /* PBXContainerItemProxy */ = {
			isa = PBXContainerItemProxy;
			containerPortal = 4291E64B24713D150091240E /* Project object */;
			proxyType = 1;
			remoteGlobalIDString = 4291E65224713D150091240E;
			remoteInfo = IB_QuestionBank_V0;
		};
		4291E67524713D1A0091240E /* PBXContainerItemProxy */ = {
			isa = PBXContainerItemProxy;
			containerPortal = 4291E64B24713D150091240E /* Project object */;
			proxyType = 1;
			remoteGlobalIDString = 4291E65224713D150091240E;
			remoteInfo = IB_QuestionBank_V0;
		};
/* End PBXContainerItemProxy section */

/* Begin PBXFileReference section */
		212FD272505A9F2BB35540A3 /* Pods-IB_QuestionBank_V0-IB_QuestionBank_V0UITests.debug.xcconfig */ = {isa = PBXFileReference; includeInIndex = 1; lastKnownFileType = text.xcconfig; name = "Pods-IB_QuestionBank_V0-IB_QuestionBank_V0UITests.debug.xcconfig"; path = "Target Support Files/Pods-IB_QuestionBank_V0-IB_QuestionBank_V0UITests/Pods-IB_QuestionBank_V0-IB_QuestionBank_V0UITests.debug.xcconfig"; sourceTree = "<group>"; };
		35D7FACE31D994707C8AE115 /* Pods_IB_QuestionBank_V0Tests.framework */ = {isa = PBXFileReference; explicitFileType = wrapper.framework; includeInIndex = 0; path = Pods_IB_QuestionBank_V0Tests.framework; sourceTree = BUILT_PRODUCTS_DIR; };
		38D97E6C594409BC813FC035 /* Pods-IB_QuestionBank_V0-IB_QuestionBank_V0UITests.release.xcconfig */ = {isa = PBXFileReference; includeInIndex = 1; lastKnownFileType = text.xcconfig; name = "Pods-IB_QuestionBank_V0-IB_QuestionBank_V0UITests.release.xcconfig"; path = "Target Support Files/Pods-IB_QuestionBank_V0-IB_QuestionBank_V0UITests/Pods-IB_QuestionBank_V0-IB_QuestionBank_V0UITests.release.xcconfig"; sourceTree = "<group>"; };
		4291E65324713D150091240E /* IB_QuestionBank_V0.app */ = {isa = PBXFileReference; explicitFileType = wrapper.application; includeInIndex = 0; path = IB_QuestionBank_V0.app; sourceTree = BUILT_PRODUCTS_DIR; };
		4291E65624713D150091240E /* AppDelegate.swift */ = {isa = PBXFileReference; lastKnownFileType = sourcecode.swift; path = AppDelegate.swift; sourceTree = "<group>"; };
		4291E65824713D150091240E /* SceneDelegate.swift */ = {isa = PBXFileReference; lastKnownFileType = sourcecode.swift; path = SceneDelegate.swift; sourceTree = "<group>"; };
		4291E65D24713D150091240E /* Base */ = {isa = PBXFileReference; lastKnownFileType = file.storyboard; name = Base; path = Base.lproj/Main.storyboard; sourceTree = "<group>"; };
		4291E65F24713D1A0091240E /* Assets.xcassets */ = {isa = PBXFileReference; lastKnownFileType = folder.assetcatalog; path = Assets.xcassets; sourceTree = "<group>"; };
		4291E66224713D1A0091240E /* Base */ = {isa = PBXFileReference; lastKnownFileType = file.storyboard; name = Base; path = Base.lproj/LaunchScreen.storyboard; sourceTree = "<group>"; };
		4291E66424713D1A0091240E /* Info.plist */ = {isa = PBXFileReference; lastKnownFileType = text.plist.xml; path = Info.plist; sourceTree = "<group>"; };
		4291E66924713D1A0091240E /* IB_QuestionBank_V0Tests.xctest */ = {isa = PBXFileReference; explicitFileType = wrapper.cfbundle; includeInIndex = 0; path = IB_QuestionBank_V0Tests.xctest; sourceTree = BUILT_PRODUCTS_DIR; };
		4291E66D24713D1A0091240E /* IB_QuestionBank_V0Tests.swift */ = {isa = PBXFileReference; lastKnownFileType = sourcecode.swift; path = IB_QuestionBank_V0Tests.swift; sourceTree = "<group>"; };
		4291E66F24713D1A0091240E /* Info.plist */ = {isa = PBXFileReference; lastKnownFileType = text.plist.xml; path = Info.plist; sourceTree = "<group>"; };
		4291E67424713D1A0091240E /* IB_QuestionBank_V0UITests.xctest */ = {isa = PBXFileReference; explicitFileType = wrapper.cfbundle; includeInIndex = 0; path = IB_QuestionBank_V0UITests.xctest; sourceTree = BUILT_PRODUCTS_DIR; };
		4291E67824713D1A0091240E /* IB_QuestionBank_V0UITests.swift */ = {isa = PBXFileReference; lastKnownFileType = sourcecode.swift; path = IB_QuestionBank_V0UITests.swift; sourceTree = "<group>"; };
		4291E67A24713D1A0091240E /* Info.plist */ = {isa = PBXFileReference; lastKnownFileType = text.plist.xml; path = Info.plist; sourceTree = "<group>"; };
		4291E686247AA10D0091240E /* GoogleService-Info.plist */ = {isa = PBXFileReference; fileEncoding = 4; lastKnownFileType = text.plist.xml; path = "GoogleService-Info.plist"; sourceTree = "<group>"; };
		429AC4B22486027900C5A86A /* SignInController.swift */ = {isa = PBXFileReference; lastKnownFileType = sourcecode.swift; path = SignInController.swift; sourceTree = "<group>"; };
		429AC4B82486B00800C5A86A /* SignUpController.swift */ = {isa = PBXFileReference; fileEncoding = 4; lastKnownFileType = sourcecode.swift; path = SignUpController.swift; sourceTree = "<group>"; };
		429AC4B92486B00800C5A86A /* SignUpStatusController.swift */ = {isa = PBXFileReference; fileEncoding = 4; lastKnownFileType = sourcecode.swift; path = SignUpStatusController.swift; sourceTree = "<group>"; };
		429AC4BC2487B7B500C5A86A /* QuestionController.swift */ = {isa = PBXFileReference; fileEncoding = 4; lastKnownFileType = sourcecode.swift; path = QuestionController.swift; sourceTree = "<group>"; };
		429AC4C0249083C800C5A86A /* GestureFunctions.swift */ = {isa = PBXFileReference; lastKnownFileType = sourcecode.swift; path = GestureFunctions.swift; sourceTree = "<group>"; };
		42C77CA4247FD80900A39B63 /* DatabasePath.swift */ = {isa = PBXFileReference; lastKnownFileType = sourcecode.swift; path = DatabasePath.swift; sourceTree = "<group>"; };
		551A29CDD713E386EEC217B5 /* Pods-IB_QuestionBank_V0.release.xcconfig */ = {isa = PBXFileReference; includeInIndex = 1; lastKnownFileType = text.xcconfig; name = "Pods-IB_QuestionBank_V0.release.xcconfig"; path = "Target Support Files/Pods-IB_QuestionBank_V0/Pods-IB_QuestionBank_V0.release.xcconfig"; sourceTree = "<group>"; };
		55B9F3DAE0E9AD98D83C449F /* Pods-IB_QuestionBank_V0.debug.xcconfig */ = {isa = PBXFileReference; includeInIndex = 1; lastKnownFileType = text.xcconfig; name = "Pods-IB_QuestionBank_V0.debug.xcconfig"; path = "Target Support Files/Pods-IB_QuestionBank_V0/Pods-IB_QuestionBank_V0.debug.xcconfig"; sourceTree = "<group>"; };
		964C43EA159E20E943C72C13 /* Pods-IB_QuestionBank_V0Tests.release.xcconfig */ = {isa = PBXFileReference; includeInIndex = 1; lastKnownFileType = text.xcconfig; name = "Pods-IB_QuestionBank_V0Tests.release.xcconfig"; path = "Target Support Files/Pods-IB_QuestionBank_V0Tests/Pods-IB_QuestionBank_V0Tests.release.xcconfig"; sourceTree = "<group>"; };
		C58D45AB479C37B12563D2DD /* Pods_IB_QuestionBank_V0_IB_QuestionBank_V0UITests.framework */ = {isa = PBXFileReference; explicitFileType = wrapper.framework; includeInIndex = 0; path = Pods_IB_QuestionBank_V0_IB_QuestionBank_V0UITests.framework; sourceTree = BUILT_PRODUCTS_DIR; };
		DEF7D27275DDB2404578EFC5 /* Pods-IB_QuestionBank_V0Tests.debug.xcconfig */ = {isa = PBXFileReference; includeInIndex = 1; lastKnownFileType = text.xcconfig; name = "Pods-IB_QuestionBank_V0Tests.debug.xcconfig"; path = "Target Support Files/Pods-IB_QuestionBank_V0Tests/Pods-IB_QuestionBank_V0Tests.debug.xcconfig"; sourceTree = "<group>"; };
		FEEF18FDD8294F21D31A29D4 /* Pods_IB_QuestionBank_V0.framework */ = {isa = PBXFileReference; explicitFileType = wrapper.framework; includeInIndex = 0; path = Pods_IB_QuestionBank_V0.framework; sourceTree = BUILT_PRODUCTS_DIR; };
/* End PBXFileReference section */

/* Begin PBXFrameworksBuildPhase section */
		4291E65024713D150091240E /* Frameworks */ = {
			isa = PBXFrameworksBuildPhase;
			buildActionMask = 2147483647;
			files = (
				DF11C35398E9E7B8D6283AD3 /* Pods_IB_QuestionBank_V0.framework in Frameworks */,
			);
			runOnlyForDeploymentPostprocessing = 0;
		};
		4291E66624713D1A0091240E /* Frameworks */ = {
			isa = PBXFrameworksBuildPhase;
			buildActionMask = 2147483647;
			files = (
				568C992B16A6901BB9FAC94D /* Pods_IB_QuestionBank_V0Tests.framework in Frameworks */,
			);
			runOnlyForDeploymentPostprocessing = 0;
		};
		4291E67124713D1A0091240E /* Frameworks */ = {
			isa = PBXFrameworksBuildPhase;
			buildActionMask = 2147483647;
			files = (
				51FBAF8411B1ED5A346863B0 /* Pods_IB_QuestionBank_V0_IB_QuestionBank_V0UITests.framework in Frameworks */,
			);
			runOnlyForDeploymentPostprocessing = 0;
		};
/* End PBXFrameworksBuildPhase section */

/* Begin PBXGroup section */
		4291E64A24713D150091240E = {
			isa = PBXGroup;
			children = (
				429AC4BF2490829600C5A86A /* Class */,
				42C77CA3247FD7AA00A39B63 /* Model */,
				4291E65524713D150091240E /* IB_QuestionBank_V0 */,
				4291E66C24713D1A0091240E /* IB_QuestionBank_V0Tests */,
				4291E67724713D1A0091240E /* IB_QuestionBank_V0UITests */,
				4291E65424713D150091240E /* Products */,
				E526806D2F1E96C96B30690E /* Pods */,
				7AC2BEF4632587EDA4D036AB /* Frameworks */,
			);
			sourceTree = "<group>";
		};
		4291E65424713D150091240E /* Products */ = {
			isa = PBXGroup;
			children = (
				4291E65324713D150091240E /* IB_QuestionBank_V0.app */,
				4291E66924713D1A0091240E /* IB_QuestionBank_V0Tests.xctest */,
				4291E67424713D1A0091240E /* IB_QuestionBank_V0UITests.xctest */,
			);
			name = Products;
			sourceTree = "<group>";
		};
		4291E65524713D150091240E /* IB_QuestionBank_V0 */ = {
			isa = PBXGroup;
			children = (
				4291E65624713D150091240E /* AppDelegate.swift */,
				4291E65824713D150091240E /* SceneDelegate.swift */,
				429AC4B82486B00800C5A86A /* SignUpController.swift */,
				429AC4BC2487B7B500C5A86A /* QuestionController.swift */,
				429AC4B92486B00800C5A86A /* SignUpStatusController.swift */,
				429AC4B22486027900C5A86A /* SignInController.swift */,
				4291E65C24713D150091240E /* Main.storyboard */,
				4291E65F24713D1A0091240E /* Assets.xcassets */,
				4291E66124713D1A0091240E /* LaunchScreen.storyboard */,
				4291E66424713D1A0091240E /* Info.plist */,
				4291E686247AA10D0091240E /* GoogleService-Info.plist */,
			);
			path = IB_QuestionBank_V0;
			sourceTree = "<group>";
		};
		4291E66C24713D1A0091240E /* IB_QuestionBank_V0Tests */ = {
			isa = PBXGroup;
			children = (
				4291E66D24713D1A0091240E /* IB_QuestionBank_V0Tests.swift */,
				4291E66F24713D1A0091240E /* Info.plist */,
			);
			path = IB_QuestionBank_V0Tests;
			sourceTree = "<group>";
		};
		4291E67724713D1A0091240E /* IB_QuestionBank_V0UITests */ = {
			isa = PBXGroup;
			children = (
				4291E67824713D1A0091240E /* IB_QuestionBank_V0UITests.swift */,
				4291E67A24713D1A0091240E /* Info.plist */,
			);
			path = IB_QuestionBank_V0UITests;
			sourceTree = "<group>";
		};
		429AC4BF2490829600C5A86A /* Class */ = {
			isa = PBXGroup;
			children = (
				429AC4C0249083C800C5A86A /* GestureFunctions.swift */,
			);
			path = Class;
			sourceTree = "<group>";
		};
		42C77CA3247FD7AA00A39B63 /* Model */ = {
			isa = PBXGroup;
			children = (
				42C77CA4247FD80900A39B63 /* DatabasePath.swift */,
			);
			path = Model;
			sourceTree = "<group>";
		};
		7AC2BEF4632587EDA4D036AB /* Frameworks */ = {
			isa = PBXGroup;
			children = (
				FEEF18FDD8294F21D31A29D4 /* Pods_IB_QuestionBank_V0.framework */,
				C58D45AB479C37B12563D2DD /* Pods_IB_QuestionBank_V0_IB_QuestionBank_V0UITests.framework */,
				35D7FACE31D994707C8AE115 /* Pods_IB_QuestionBank_V0Tests.framework */,
			);
			name = Frameworks;
			sourceTree = "<group>";
		};
		E526806D2F1E96C96B30690E /* Pods */ = {
			isa = PBXGroup;
			children = (
				55B9F3DAE0E9AD98D83C449F /* Pods-IB_QuestionBank_V0.debug.xcconfig */,
				551A29CDD713E386EEC217B5 /* Pods-IB_QuestionBank_V0.release.xcconfig */,
				212FD272505A9F2BB35540A3 /* Pods-IB_QuestionBank_V0-IB_QuestionBank_V0UITests.debug.xcconfig */,
				38D97E6C594409BC813FC035 /* Pods-IB_QuestionBank_V0-IB_QuestionBank_V0UITests.release.xcconfig */,
				DEF7D27275DDB2404578EFC5 /* Pods-IB_QuestionBank_V0Tests.debug.xcconfig */,
				964C43EA159E20E943C72C13 /* Pods-IB_QuestionBank_V0Tests.release.xcconfig */,
			);
			path = Pods;
			sourceTree = "<group>";
		};
/* End PBXGroup section */

/* Begin PBXNativeTarget section */
		4291E65224713D150091240E /* IB_QuestionBank_V0 */ = {
			isa = PBXNativeTarget;
			buildConfigurationList = 4291E67D24713D1A0091240E /* Build configuration list for PBXNativeTarget "IB_QuestionBank_V0" */;
			buildPhases = (
				1F39BF4B80A6AF789E0E7E01 /* [CP] Check Pods Manifest.lock */,
				4291E64F24713D150091240E /* Sources */,
				4291E65024713D150091240E /* Frameworks */,
				4291E65124713D150091240E /* Resources */,
				145C1854F260A95137D9C0EC /* [CP] Embed Pods Frameworks */,
			);
			buildRules = (
			);
			dependencies = (
			);
			name = IB_QuestionBank_V0;
			productName = IB_QuestionBank_V0;
			productReference = 4291E65324713D150091240E /* IB_QuestionBank_V0.app */;
			productType = "com.apple.product-type.application";
		};
		4291E66824713D1A0091240E /* IB_QuestionBank_V0Tests */ = {
			isa = PBXNativeTarget;
			buildConfigurationList = 4291E68024713D1A0091240E /* Build configuration list for PBXNativeTarget "IB_QuestionBank_V0Tests" */;
			buildPhases = (
				FF2D7AB09984963CBB4FE316 /* [CP] Check Pods Manifest.lock */,
				4291E66524713D1A0091240E /* Sources */,
				4291E66624713D1A0091240E /* Frameworks */,
				4291E66724713D1A0091240E /* Resources */,
			);
			buildRules = (
			);
			dependencies = (
				4291E66B24713D1A0091240E /* PBXTargetDependency */,
			);
			name = IB_QuestionBank_V0Tests;
			productName = IB_QuestionBank_V0Tests;
			productReference = 4291E66924713D1A0091240E /* IB_QuestionBank_V0Tests.xctest */;
			productType = "com.apple.product-type.bundle.unit-test";
		};
		4291E67324713D1A0091240E /* IB_QuestionBank_V0UITests */ = {
			isa = PBXNativeTarget;
			buildConfigurationList = 4291E68324713D1A0091240E /* Build configuration list for PBXNativeTarget "IB_QuestionBank_V0UITests" */;
			buildPhases = (
				19997F916CB9978AA29FC433 /* [CP] Check Pods Manifest.lock */,
				4291E67024713D1A0091240E /* Sources */,
				4291E67124713D1A0091240E /* Frameworks */,
				4291E67224713D1A0091240E /* Resources */,
				C6F0DE901BEBA3E5FBA11462 /* [CP] Embed Pods Frameworks */,
			);
			buildRules = (
			);
			dependencies = (
				4291E67624713D1A0091240E /* PBXTargetDependency */,
			);
			name = IB_QuestionBank_V0UITests;
			productName = IB_QuestionBank_V0UITests;
			productReference = 4291E67424713D1A0091240E /* IB_QuestionBank_V0UITests.xctest */;
			productType = "com.apple.product-type.bundle.ui-testing";
		};
/* End PBXNativeTarget section */

/* Begin PBXProject section */
		4291E64B24713D150091240E /* Project object */ = {
			isa = PBXProject;
			attributes = {
				LastSwiftUpdateCheck = 1130;
				LastUpgradeCheck = 1130;
				ORGANIZATIONNAME = "Kevin Tang";
				TargetAttributes = {
					4291E65224713D150091240E = {
						CreatedOnToolsVersion = 11.3.1;
					};
					4291E66824713D1A0091240E = {
						CreatedOnToolsVersion = 11.3.1;
						TestTargetID = 4291E65224713D150091240E;
					};
					4291E67324713D1A0091240E = {
						CreatedOnToolsVersion = 11.3.1;
						TestTargetID = 4291E65224713D150091240E;
					};
				};
			};
			buildConfigurationList = 4291E64E24713D150091240E /* Build configuration list for PBXProject "IB_QuestionBank_V0" */;
			compatibilityVersion = "Xcode 9.3";
			developmentRegion = en;
			hasScannedForEncodings = 0;
			knownRegions = (
				en,
				Base,
			);
			mainGroup = 4291E64A24713D150091240E;
			productRefGroup = 4291E65424713D150091240E /* Products */;
			projectDirPath = "";
			projectRoot = "";
			targets = (
				4291E65224713D150091240E /* IB_QuestionBank_V0 */,
				4291E66824713D1A0091240E /* IB_QuestionBank_V0Tests */,
				4291E67324713D1A0091240E /* IB_QuestionBank_V0UITests */,
			);
		};
/* End PBXProject section */

/* Begin PBXResourcesBuildPhase section */
		4291E65124713D150091240E /* Resources */ = {
			isa = PBXResourcesBuildPhase;
			buildActionMask = 2147483647;
			files = (
				4291E66324713D1A0091240E /* LaunchScreen.storyboard in Resources */,
				4291E687247AA10D0091240E /* GoogleService-Info.plist in Resources */,
				4291E66024713D1A0091240E /* Assets.xcassets in Resources */,
				4291E65E24713D150091240E /* Main.storyboard in Resources */,
			);
			runOnlyForDeploymentPostprocessing = 0;
		};
		4291E66724713D1A0091240E /* Resources */ = {
			isa = PBXResourcesBuildPhase;
			buildActionMask = 2147483647;
			files = (
				4291E688247AA10D0091240E /* GoogleService-Info.plist in Resources */,
			);
			runOnlyForDeploymentPostprocessing = 0;
		};
		4291E67224713D1A0091240E /* Resources */ = {
			isa = PBXResourcesBuildPhase;
			buildActionMask = 2147483647;
			files = (
				4291E689247AA10D0091240E /* GoogleService-Info.plist in Resources */,
			);
			runOnlyForDeploymentPostprocessing = 0;
		};
/* End PBXResourcesBuildPhase section */

/* Begin PBXShellScriptBuildPhase section */
		145C1854F260A95137D9C0EC /* [CP] Embed Pods Frameworks */ = {
			isa = PBXShellScriptBuildPhase;
			buildActionMask = 2147483647;
			files = (
			);
			inputFileListPaths = (
				"${PODS_ROOT}/Target Support Files/Pods-IB_QuestionBank_V0/Pods-IB_QuestionBank_V0-frameworks-${CONFIGURATION}-input-files.xcfilelist",
			);
			name = "[CP] Embed Pods Frameworks";
			outputFileListPaths = (
				"${PODS_ROOT}/Target Support Files/Pods-IB_QuestionBank_V0/Pods-IB_QuestionBank_V0-frameworks-${CONFIGURATION}-output-files.xcfilelist",
			);
			runOnlyForDeploymentPostprocessing = 0;
			shellPath = /bin/sh;
			shellScript = "\"${PODS_ROOT}/Target Support Files/Pods-IB_QuestionBank_V0/Pods-IB_QuestionBank_V0-frameworks.sh\"\n";
			showEnvVarsInLog = 0;
		};
		19997F916CB9978AA29FC433 /* [CP] Check Pods Manifest.lock */ = {
			isa = PBXShellScriptBuildPhase;
			buildActionMask = 2147483647;
			files = (
			);
			inputFileListPaths = (
			);
			inputPaths = (
				"${PODS_PODFILE_DIR_PATH}/Podfile.lock",
				"${PODS_ROOT}/Manifest.lock",
			);
			name = "[CP] Check Pods Manifest.lock";
			outputFileListPaths = (
			);
			outputPaths = (
				"$(DERIVED_FILE_DIR)/Pods-IB_QuestionBank_V0-IB_QuestionBank_V0UITests-checkManifestLockResult.txt",
			);
			runOnlyForDeploymentPostprocessing = 0;
			shellPath = /bin/sh;
			shellScript = "diff \"${PODS_PODFILE_DIR_PATH}/Podfile.lock\" \"${PODS_ROOT}/Manifest.lock\" > /dev/null\nif [ $? != 0 ] ; then\n    # print error to STDERR\n    echo \"error: The sandbox is not in sync with the Podfile.lock. Run 'pod install' or update your CocoaPods installation.\" >&2\n    exit 1\nfi\n# This output is used by Xcode 'outputs' to avoid re-running this script phase.\necho \"SUCCESS\" > \"${SCRIPT_OUTPUT_FILE_0}\"\n";
			showEnvVarsInLog = 0;
		};
		1F39BF4B80A6AF789E0E7E01 /* [CP] Check Pods Manifest.lock */ = {
			isa = PBXShellScriptBuildPhase;
			buildActionMask = 2147483647;
			files = (
			);
			inputFileListPaths = (
			);
			inputPaths = (
				"${PODS_PODFILE_DIR_PATH}/Podfile.lock",
				"${PODS_ROOT}/Manifest.lock",
			);
			name = "[CP] Check Pods Manifest.lock";
			outputFileListPaths = (
			);
			outputPaths = (
				"$(DERIVED_FILE_DIR)/Pods-IB_QuestionBank_V0-checkManifestLockResult.txt",
			);
			runOnlyForDeploymentPostprocessing = 0;
			shellPath = /bin/sh;
			shellScript = "diff \"${PODS_PODFILE_DIR_PATH}/Podfile.lock\" \"${PODS_ROOT}/Manifest.lock\" > /dev/null\nif [ $? != 0 ] ; then\n    # print error to STDERR\n    echo \"error: The sandbox is not in sync with the Podfile.lock. Run 'pod install' or update your CocoaPods installation.\" >&2\n    exit 1\nfi\n# This output is used by Xcode 'outputs' to avoid re-running this script phase.\necho \"SUCCESS\" > \"${SCRIPT_OUTPUT_FILE_0}\"\n";
			showEnvVarsInLog = 0;
		};
		C6F0DE901BEBA3E5FBA11462 /* [CP] Embed Pods Frameworks */ = {
			isa = PBXShellScriptBuildPhase;
			buildActionMask = 2147483647;
			files = (
			);
			inputFileListPaths = (
				"${PODS_ROOT}/Target Support Files/Pods-IB_QuestionBank_V0-IB_QuestionBank_V0UITests/Pods-IB_QuestionBank_V0-IB_QuestionBank_V0UITests-frameworks-${CONFIGURATION}-input-files.xcfilelist",
			);
			name = "[CP] Embed Pods Frameworks";
			outputFileListPaths = (
				"${PODS_ROOT}/Target Support Files/Pods-IB_QuestionBank_V0-IB_QuestionBank_V0UITests/Pods-IB_QuestionBank_V0-IB_QuestionBank_V0UITests-frameworks-${CONFIGURATION}-output-files.xcfilelist",
			);
			runOnlyForDeploymentPostprocessing = 0;
			shellPath = /bin/sh;
			shellScript = "\"${PODS_ROOT}/Target Support Files/Pods-IB_QuestionBank_V0-IB_QuestionBank_V0UITests/Pods-IB_QuestionBank_V0-IB_QuestionBank_V0UITests-frameworks.sh\"\n";
			showEnvVarsInLog = 0;
		};
		FF2D7AB09984963CBB4FE316 /* [CP] Check Pods Manifest.lock */ = {
			isa = PBXShellScriptBuildPhase;
			buildActionMask = 2147483647;
			files = (
			);
			inputFileListPaths = (
			);
			inputPaths = (
				"${PODS_PODFILE_DIR_PATH}/Podfile.lock",
				"${PODS_ROOT}/Manifest.lock",
			);
			name = "[CP] Check Pods Manifest.lock";
			outputFileListPaths = (
			);
			outputPaths = (
				"$(DERIVED_FILE_DIR)/Pods-IB_QuestionBank_V0Tests-checkManifestLockResult.txt",
			);
			runOnlyForDeploymentPostprocessing = 0;
			shellPath = /bin/sh;
			shellScript = "diff \"${PODS_PODFILE_DIR_PATH}/Podfile.lock\" \"${PODS_ROOT}/Manifest.lock\" > /dev/null\nif [ $? != 0 ] ; then\n    # print error to STDERR\n    echo \"error: The sandbox is not in sync with the Podfile.lock. Run 'pod install' or update your CocoaPods installation.\" >&2\n    exit 1\nfi\n# This output is used by Xcode 'outputs' to avoid re-running this script phase.\necho \"SUCCESS\" > \"${SCRIPT_OUTPUT_FILE_0}\"\n";
			showEnvVarsInLog = 0;
		};
/* End PBXShellScriptBuildPhase section */

/* Begin PBXSourcesBuildPhase section */
		4291E64F24713D150091240E /* Sources */ = {
			isa = PBXSourcesBuildPhase;
			buildActionMask = 2147483647;
			files = (
				429AC4BD2487B7B500C5A86A /* QuestionController.swift in Sources */,
				429AC4C1249083C800C5A86A /* GestureFunctions.swift in Sources */,
				429AC4BB2486B00800C5A86A /* SignUpStatusController.swift in Sources */,
				429AC4B32486027900C5A86A /* SignInController.swift in Sources */,
				4291E65724713D150091240E /* AppDelegate.swift in Sources */,
				4291E65924713D150091240E /* SceneDelegate.swift in Sources */,
				42C77CA5247FD80900A39B63 /* DatabasePath.swift in Sources */,
				429AC4BA2486B00800C5A86A /* SignUpController.swift in Sources */,
			);
			runOnlyForDeploymentPostprocessing = 0;
		};
		4291E66524713D1A0091240E /* Sources */ = {
			isa = PBXSourcesBuildPhase;
			buildActionMask = 2147483647;
			files = (
				4291E66E24713D1A0091240E /* IB_QuestionBank_V0Tests.swift in Sources */,
			);
			runOnlyForDeploymentPostprocessing = 0;
		};
		4291E67024713D1A0091240E /* Sources */ = {
			isa = PBXSourcesBuildPhase;
			buildActionMask = 2147483647;
			files = (
				4291E67924713D1A0091240E /* IB_QuestionBank_V0UITests.swift in Sources */,
			);
			runOnlyForDeploymentPostprocessing = 0;
		};
/* End PBXSourcesBuildPhase section */

/* Begin PBXTargetDependency section */
		4291E66B24713D1A0091240E /* PBXTargetDependency */ = {
			isa = PBXTargetDependency;
			target = 4291E65224713D150091240E /* IB_QuestionBank_V0 */;
			targetProxy = 4291E66A24713D1A0091240E /* PBXContainerItemProxy */;
		};
		4291E67624713D1A0091240E /* PBXTargetDependency */ = {
			isa = PBXTargetDependency;
			target = 4291E65224713D150091240E /* IB_QuestionBank_V0 */;
			targetProxy = 4291E67524713D1A0091240E /* PBXContainerItemProxy */;
		};
/* End PBXTargetDependency section */

/* Begin PBXVariantGroup section */
		4291E65C24713D150091240E /* Main.storyboard */ = {
			isa = PBXVariantGroup;
			children = (
				4291E65D24713D150091240E /* Base */,
			);
			name = Main.storyboard;
			sourceTree = "<group>";
		};
		4291E66124713D1A0091240E /* LaunchScreen.storyboard */ = {
			isa = PBXVariantGroup;
			children = (
				4291E66224713D1A0091240E /* Base */,
			);
			name = LaunchScreen.storyboard;
			sourceTree = "<group>";
		};
/* End PBXVariantGroup section */

/* Begin XCBuildConfiguration section */
		4291E67B24713D1A0091240E /* Debug */ = {
			isa = XCBuildConfiguration;
			buildSettings = {
				ALWAYS_SEARCH_USER_PATHS = NO;
				CLANG_ANALYZER_NONNULL = YES;
				CLANG_ANALYZER_NUMBER_OBJECT_CONVERSION = YES_AGGRESSIVE;
				CLANG_CXX_LANGUAGE_STANDARD = "gnu++14";
				CLANG_CXX_LIBRARY = "libc++";
				CLANG_ENABLE_MODULES = YES;
				CLANG_ENABLE_OBJC_ARC = YES;
				CLANG_ENABLE_OBJC_WEAK = YES;
				CLANG_WARN_BLOCK_CAPTURE_AUTORELEASING = YES;
				CLANG_WARN_BOOL_CONVERSION = YES;
				CLANG_WARN_COMMA = YES;
				CLANG_WARN_CONSTANT_CONVERSION = YES;
				CLANG_WARN_DEPRECATED_OBJC_IMPLEMENTATIONS = YES;
				CLANG_WARN_DIRECT_OBJC_ISA_USAGE = YES_ERROR;
				CLANG_WARN_DOCUMENTATION_COMMENTS = YES;
				CLANG_WARN_EMPTY_BODY = YES;
				CLANG_WARN_ENUM_CONVERSION = YES;
				CLANG_WARN_INFINITE_RECURSION = YES;
				CLANG_WARN_INT_CONVERSION = YES;
				CLANG_WARN_NON_LITERAL_NULL_CONVERSION = YES;
				CLANG_WARN_OBJC_IMPLICIT_RETAIN_SELF = YES;
				CLANG_WARN_OBJC_LITERAL_CONVERSION = YES;
				CLANG_WARN_OBJC_ROOT_CLASS = YES_ERROR;
				CLANG_WARN_RANGE_LOOP_ANALYSIS = YES;
				CLANG_WARN_STRICT_PROTOTYPES = YES;
				CLANG_WARN_SUSPICIOUS_MOVE = YES;
				CLANG_WARN_UNGUARDED_AVAILABILITY = YES_AGGRESSIVE;
				CLANG_WARN_UNREACHABLE_CODE = YES;
				CLANG_WARN__DUPLICATE_METHOD_MATCH = YES;
				COPY_PHASE_STRIP = NO;
				DEBUG_INFORMATION_FORMAT = dwarf;
				ENABLE_STRICT_OBJC_MSGSEND = YES;
				ENABLE_TESTABILITY = YES;
				GCC_C_LANGUAGE_STANDARD = gnu11;
				GCC_DYNAMIC_NO_PIC = NO;
				GCC_NO_COMMON_BLOCKS = YES;
				GCC_OPTIMIZATION_LEVEL = 0;
				GCC_PREPROCESSOR_DEFINITIONS = (
					"DEBUG=1",
					"$(inherited)",
				);
				GCC_WARN_64_TO_32_BIT_CONVERSION = YES;
				GCC_WARN_ABOUT_RETURN_TYPE = YES_ERROR;
				GCC_WARN_UNDECLARED_SELECTOR = YES;
				GCC_WARN_UNINITIALIZED_AUTOS = YES_AGGRESSIVE;
				GCC_WARN_UNUSED_FUNCTION = YES;
				GCC_WARN_UNUSED_VARIABLE = YES;
				IPHONEOS_DEPLOYMENT_TARGET = 13.2;
				MTL_ENABLE_DEBUG_INFO = INCLUDE_SOURCE;
				MTL_FAST_MATH = YES;
				ONLY_ACTIVE_ARCH = YES;
				SDKROOT = iphoneos;
				SWIFT_ACTIVE_COMPILATION_CONDITIONS = DEBUG;
				SWIFT_OPTIMIZATION_LEVEL = "-Onone";
			};
			name = Debug;
		};
		4291E67C24713D1A0091240E /* Release */ = {
			isa = XCBuildConfiguration;
			buildSettings = {
				ALWAYS_SEARCH_USER_PATHS = NO;
				CLANG_ANALYZER_NONNULL = YES;
				CLANG_ANALYZER_NUMBER_OBJECT_CONVERSION = YES_AGGRESSIVE;
				CLANG_CXX_LANGUAGE_STANDARD = "gnu++14";
				CLANG_CXX_LIBRARY = "libc++";
				CLANG_ENABLE_MODULES = YES;
				CLANG_ENABLE_OBJC_ARC = YES;
				CLANG_ENABLE_OBJC_WEAK = YES;
				CLANG_WARN_BLOCK_CAPTURE_AUTORELEASING = YES;
				CLANG_WARN_BOOL_CONVERSION = YES;
				CLANG_WARN_COMMA = YES;
				CLANG_WARN_CONSTANT_CONVERSION = YES;
				CLANG_WARN_DEPRECATED_OBJC_IMPLEMENTATIONS = YES;
				CLANG_WARN_DIRECT_OBJC_ISA_USAGE = YES_ERROR;
				CLANG_WARN_DOCUMENTATION_COMMENTS = YES;
				CLANG_WARN_EMPTY_BODY = YES;
				CLANG_WARN_ENUM_CONVERSION = YES;
				CLANG_WARN_INFINITE_RECURSION = YES;
				CLANG_WARN_INT_CONVERSION = YES;
				CLANG_WARN_NON_LITERAL_NULL_CONVERSION = YES;
				CLANG_WARN_OBJC_IMPLICIT_RETAIN_SELF = YES;
				CLANG_WARN_OBJC_LITERAL_CONVERSION = YES;
				CLANG_WARN_OBJC_ROOT_CLASS = YES_ERROR;
				CLANG_WARN_RANGE_LOOP_ANALYSIS = YES;
				CLANG_WARN_STRICT_PROTOTYPES = YES;
				CLANG_WARN_SUSPICIOUS_MOVE = YES;
				CLANG_WARN_UNGUARDED_AVAILABILITY = YES_AGGRESSIVE;
				CLANG_WARN_UNREACHABLE_CODE = YES;
				CLANG_WARN__DUPLICATE_METHOD_MATCH = YES;
				COPY_PHASE_STRIP = NO;
				DEBUG_INFORMATION_FORMAT = "dwarf-with-dsym";
				ENABLE_NS_ASSERTIONS = NO;
				ENABLE_STRICT_OBJC_MSGSEND = YES;
				GCC_C_LANGUAGE_STANDARD = gnu11;
				GCC_NO_COMMON_BLOCKS = YES;
				GCC_WARN_64_TO_32_BIT_CONVERSION = YES;
				GCC_WARN_ABOUT_RETURN_TYPE = YES_ERROR;
				GCC_WARN_UNDECLARED_SELECTOR = YES;
				GCC_WARN_UNINITIALIZED_AUTOS = YES_AGGRESSIVE;
				GCC_WARN_UNUSED_FUNCTION = YES;
				GCC_WARN_UNUSED_VARIABLE = YES;
				IPHONEOS_DEPLOYMENT_TARGET = 13.2;
				MTL_ENABLE_DEBUG_INFO = NO;
				MTL_FAST_MATH = YES;
				SDKROOT = iphoneos;
				SWIFT_COMPILATION_MODE = wholemodule;
				SWIFT_OPTIMIZATION_LEVEL = "-O";
				VALIDATE_PRODUCT = YES;
			};
			name = Release;
		};
		4291E67E24713D1A0091240E /* Debug */ = {
			isa = XCBuildConfiguration;
			baseConfigurationReference = 55B9F3DAE0E9AD98D83C449F /* Pods-IB_QuestionBank_V0.debug.xcconfig */;
			buildSettings = {
				ASSETCATALOG_COMPILER_APPICON_NAME = AppIcon;
				CODE_SIGN_STYLE = Automatic;
				DEVELOPMENT_TEAM = ATAFGA4G3B;
				INFOPLIST_FILE = IB_QuestionBank_V0/Info.plist;
				LD_RUNPATH_SEARCH_PATHS = (
					"$(inherited)",
					"@executable_path/Frameworks",
				);
				PRODUCT_BUNDLE_IDENTIFIER = "Kevin.IB-QuestionBank-V0";
				PRODUCT_NAME = "$(TARGET_NAME)";
				SWIFT_VERSION = 5.0;
				TARGETED_DEVICE_FAMILY = "1,2";
			};
			name = Debug;
		};
		4291E67F24713D1A0091240E /* Release */ = {
			isa = XCBuildConfiguration;
			baseConfigurationReference = 551A29CDD713E386EEC217B5 /* Pods-IB_QuestionBank_V0.release.xcconfig */;
			buildSettings = {
				ASSETCATALOG_COMPILER_APPICON_NAME = AppIcon;
				CODE_SIGN_STYLE = Automatic;
				DEVELOPMENT_TEAM = ATAFGA4G3B;
				INFOPLIST_FILE = IB_QuestionBank_V0/Info.plist;
				LD_RUNPATH_SEARCH_PATHS = (
					"$(inherited)",
					"@executable_path/Frameworks",
				);
				PRODUCT_BUNDLE_IDENTIFIER = "Kevin.IB-QuestionBank-V0";
				PRODUCT_NAME = "$(TARGET_NAME)";
				SWIFT_VERSION = 5.0;
				TARGETED_DEVICE_FAMILY = "1,2";
			};
			name = Release;
		};
		4291E68124713D1A0091240E /* Debug */ = {
			isa = XCBuildConfiguration;
			baseConfigurationReference = DEF7D27275DDB2404578EFC5 /* Pods-IB_QuestionBank_V0Tests.debug.xcconfig */;
			buildSettings = {
				ALWAYS_EMBED_SWIFT_STANDARD_LIBRARIES = YES;
				BUNDLE_LOADER = "$(TEST_HOST)";
				CODE_SIGN_STYLE = Automatic;
				INFOPLIST_FILE = IB_QuestionBank_V0Tests/Info.plist;
				IPHONEOS_DEPLOYMENT_TARGET = 13.2;
				LD_RUNPATH_SEARCH_PATHS = (
					"$(inherited)",
					"@executable_path/Frameworks",
					"@loader_path/Frameworks",
				);
				PRODUCT_BUNDLE_IDENTIFIER = "Kevin.IB-QuestionBank-V0Tests";
				PRODUCT_NAME = "$(TARGET_NAME)";
				SWIFT_VERSION = 5.0;
				TARGETED_DEVICE_FAMILY = "1,2";
				TEST_HOST = "$(BUILT_PRODUCTS_DIR)/IB_QuestionBank_V0.app/IB_QuestionBank_V0";
			};
			name = Debug;
		};
		4291E68224713D1A0091240E /* Release */ = {
			isa = XCBuildConfiguration;
			baseConfigurationReference = 964C43EA159E20E943C72C13 /* Pods-IB_QuestionBank_V0Tests.release.xcconfig */;
			buildSettings = {
				ALWAYS_EMBED_SWIFT_STANDARD_LIBRARIES = YES;
				BUNDLE_LOADER = "$(TEST_HOST)";
				CODE_SIGN_STYLE = Automatic;
				INFOPLIST_FILE = IB_QuestionBank_V0Tests/Info.plist;
				IPHONEOS_DEPLOYMENT_TARGET = 13.2;
				LD_RUNPATH_SEARCH_PATHS = (
					"$(inherited)",
					"@executable_path/Frameworks",
					"@loader_path/Frameworks",
				);
				PRODUCT_BUNDLE_IDENTIFIER = "Kevin.IB-QuestionBank-V0Tests";
				PRODUCT_NAME = "$(TARGET_NAME)";
				SWIFT_VERSION = 5.0;
				TARGETED_DEVICE_FAMILY = "1,2";
				TEST_HOST = "$(BUILT_PRODUCTS_DIR)/IB_QuestionBank_V0.app/IB_QuestionBank_V0";
			};
			name = Release;
		};
		4291E68424713D1A0091240E /* Debug */ = {
			isa = XCBuildConfiguration;
			baseConfigurationReference = 212FD272505A9F2BB35540A3 /* Pods-IB_QuestionBank_V0-IB_QuestionBank_V0UITests.debug.xcconfig */;
			buildSettings = {
				ALWAYS_EMBED_SWIFT_STANDARD_LIBRARIES = YES;
				CODE_SIGN_STYLE = Automatic;
				INFOPLIST_FILE = IB_QuestionBank_V0UITests/Info.plist;
				LD_RUNPATH_SEARCH_PATHS = (
					"$(inherited)",
					"@executable_path/Frameworks",
					"@loader_path/Frameworks",
				);
				PRODUCT_BUNDLE_IDENTIFIER = "Kevin.IB-QuestionBank-V0UITests";
				PRODUCT_NAME = "$(TARGET_NAME)";
				SWIFT_VERSION = 5.0;
				TARGETED_DEVICE_FAMILY = "1,2";
				TEST_TARGET_NAME = IB_QuestionBank_V0;
			};
			name = Debug;
		};
		4291E68524713D1A0091240E /* Release */ = {
			isa = XCBuildConfiguration;
			baseConfigurationReference = 38D97E6C594409BC813FC035 /* Pods-IB_QuestionBank_V0-IB_QuestionBank_V0UITests.release.xcconfig */;
			buildSettings = {
				ALWAYS_EMBED_SWIFT_STANDARD_LIBRARIES = YES;
				CODE_SIGN_STYLE = Automatic;
				INFOPLIST_FILE = IB_QuestionBank_V0UITests/Info.plist;
				LD_RUNPATH_SEARCH_PATHS = (
					"$(inherited)",
					"@executable_path/Frameworks",
					"@loader_path/Frameworks",
				);
				PRODUCT_BUNDLE_IDENTIFIER = "Kevin.IB-QuestionBank-V0UITests";
				PRODUCT_NAME = "$(TARGET_NAME)";
				SWIFT_VERSION = 5.0;
				TARGETED_DEVICE_FAMILY = "1,2";
				TEST_TARGET_NAME = IB_QuestionBank_V0;
			};
			name = Release;
		};
/* End XCBuildConfiguration section */

/* Begin XCConfigurationList section */
		4291E64E24713D150091240E /* Build configuration list for PBXProject "IB_QuestionBank_V0" */ = {
			isa = XCConfigurationList;
			buildConfigurations = (
				4291E67B24713D1A0091240E /* Debug */,
				4291E67C24713D1A0091240E /* Release */,
			);
			defaultConfigurationIsVisible = 0;
			defaultConfigurationName = Release;
		};
		4291E67D24713D1A0091240E /* Build configuration list for PBXNativeTarget "IB_QuestionBank_V0" */ = {
			isa = XCConfigurationList;
			buildConfigurations = (
				4291E67E24713D1A0091240E /* Debug */,
				4291E67F24713D1A0091240E /* Release */,
			);
			defaultConfigurationIsVisible = 0;
			defaultConfigurationName = Release;
		};
		4291E68024713D1A0091240E /* Build configuration list for PBXNativeTarget "IB_QuestionBank_V0Tests" */ = {
			isa = XCConfigurationList;
			buildConfigurations = (
				4291E68124713D1A0091240E /* Debug */,
				4291E68224713D1A0091240E /* Release */,
			);
			defaultConfigurationIsVisible = 0;
			defaultConfigurationName = Release;
		};
		4291E68324713D1A0091240E /* Build configuration list for PBXNativeTarget "IB_QuestionBank_V0UITests" */ = {
			isa = XCConfigurationList;
			buildConfigurations = (
				4291E68424713D1A0091240E /* Debug */,
				4291E68524713D1A0091240E /* Release */,
			);
			defaultConfigurationIsVisible = 0;
			defaultConfigurationName = Release;
		};
/* End XCConfigurationList section */
	};
	rootObject = 4291E64B24713D150091240E /* Project object */;
}
